// !$*UTF8*$!
{
	archiveVersion = 1;
	classes = {
	};
	objectVersion = 56;
	objects = {

/* Begin PBXBuildFile section */
		053ADED12B5ED49600A6293F /* TLButton.swift in Sources */ = {isa = PBXBuildFile; fileRef = 053ADED02B5ED49600A6293F /* TLButton.swift */; };
		057A32F92B56E1D100B858E0 /* to_do_listApp.swift in Sources */ = {isa = PBXBuildFile; fileRef = 057A32F82B56E1D100B858E0 /* to_do_listApp.swift */; };
		057A32FB2B56E1D100B858E0 /* MainView.swift in Sources */ = {isa = PBXBuildFile; fileRef = 057A32FA2B56E1D100B858E0 /* MainView.swift */; };
		057A32FD2B56E1D300B858E0 /* Assets.xcassets in Resources */ = {isa = PBXBuildFile; fileRef = 057A32FC2B56E1D300B858E0 /* Assets.xcassets */; };
		057A33002B56E1D300B858E0 /* Preview Assets.xcassets in Resources */ = {isa = PBXBuildFile; fileRef = 057A32FF2B56E1D300B858E0 /* Preview Assets.xcassets */; };
		057A330A2B56E5B900B858E0 /* FirebaseAuth in Frameworks */ = {isa = PBXBuildFile; productRef = 057A33092B56E5B900B858E0 /* FirebaseAuth */; };
		057A330C2B56E5B900B858E0 /* FirebaseFirestore in Frameworks */ = {isa = PBXBuildFile; productRef = 057A330B2B56E5B900B858E0 /* FirebaseFirestore */; };
		057A330E2B56E5B900B858E0 /* FirebaseFirestoreSwift in Frameworks */ = {isa = PBXBuildFile; productRef = 057A330D2B56E5B900B858E0 /* FirebaseFirestoreSwift */; };
		05EAC7402B58CC7800CB4760 /* GoogleService-Info.plist in Resources */ = {isa = PBXBuildFile; fileRef = 05EAC73F2B58CC7800CB4760 /* GoogleService-Info.plist */; };
		05EAC7422B58DC5E00CB4760 /* ProfileView.swift in Sources */ = {isa = PBXBuildFile; fileRef = 05EAC7412B58DC5E00CB4760 /* ProfileView.swift */; };
		05EAC7442B58DC8100CB4760 /* ToDoListView.swift in Sources */ = {isa = PBXBuildFile; fileRef = 05EAC7432B58DC8100CB4760 /* ToDoListView.swift */; };
		05EAC7462B58DC9500CB4760 /* NewItemView.swift in Sources */ = {isa = PBXBuildFile; fileRef = 05EAC7452B58DC9500CB4760 /* NewItemView.swift */; };
		05EAC7482B58DCA200CB4760 /* LoginView.swift in Sources */ = {isa = PBXBuildFile; fileRef = 05EAC7472B58DCA200CB4760 /* LoginView.swift */; };
		05EAC74A2B58DCB400CB4760 /* RegisterView.swift in Sources */ = {isa = PBXBuildFile; fileRef = 05EAC7492B58DCB400CB4760 /* RegisterView.swift */; };
		05EAC74C2B58DE6D00CB4760 /* ToDoListItemView.swift in Sources */ = {isa = PBXBuildFile; fileRef = 05EAC74B2B58DE6D00CB4760 /* ToDoListItemView.swift */; };
		05EAC74E2B58E38A00CB4760 /* User.swift in Sources */ = {isa = PBXBuildFile; fileRef = 05EAC74D2B58E38A00CB4760 /* User.swift */; };
		05EAC7502B58E39600CB4760 /* ToDoListItem.swift in Sources */ = {isa = PBXBuildFile; fileRef = 05EAC74F2B58E39600CB4760 /* ToDoListItem.swift */; };
		05EAC7522B58E4F000CB4760 /* MainViewViewModel.swift in Sources */ = {isa = PBXBuildFile; fileRef = 05EAC7512B58E4F000CB4760 /* MainViewViewModel.swift */; };
		05EAC7542B58E50E00CB4760 /* ProfileViewViewModel.swift in Sources */ = {isa = PBXBuildFile; fileRef = 05EAC7532B58E50E00CB4760 /* ProfileViewViewModel.swift */; };
		05EAC7562B58E53E00CB4760 /* ToDoListViewViewModel.swift in Sources */ = {isa = PBXBuildFile; fileRef = 05EAC7552B58E53E00CB4760 /* ToDoListViewViewModel.swift */; };
		05EAC7582B58E77200CB4760 /* NewItemViewViewModel.swift in Sources */ = {isa = PBXBuildFile; fileRef = 05EAC7572B58E77200CB4760 /* NewItemViewViewModel.swift */; };
		05EAC75A2B58E78E00CB4760 /* LoginViewViewModel.swift in Sources */ = {isa = PBXBuildFile; fileRef = 05EAC7592B58E78E00CB4760 /* LoginViewViewModel.swift */; };
		05EAC75C2B58E79F00CB4760 /* RegisterViewViewModel.swift in Sources */ = {isa = PBXBuildFile; fileRef = 05EAC75B2B58E79F00CB4760 /* RegisterViewViewModel.swift */; };
		05EAC75E2B58F7A200CB4760 /* HeaderView.swift in Sources */ = {isa = PBXBuildFile; fileRef = 05EAC75D2B58F7A200CB4760 /* HeaderView.swift */; };
/* End PBXBuildFile section */

/* Begin PBXFileReference section */
		053ADED02B5ED49600A6293F /* TLButton.swift */ = {isa = PBXFileReference; lastKnownFileType = sourcecode.swift; path = TLButton.swift; sourceTree = "<group>"; };
		057A32F52B56E1D100B858E0 /* to-do-list.app */ = {isa = PBXFileReference; explicitFileType = wrapper.application; includeInIndex = 0; path = "to-do-list.app"; sourceTree = BUILT_PRODUCTS_DIR; };
		057A32F82B56E1D100B858E0 /* to_do_listApp.swift */ = {isa = PBXFileReference; lastKnownFileType = sourcecode.swift; path = to_do_listApp.swift; sourceTree = "<group>"; };
		057A32FA2B56E1D100B858E0 /* MainView.swift */ = {isa = PBXFileReference; lastKnownFileType = sourcecode.swift; path = MainView.swift; sourceTree = "<group>"; };
		057A32FC2B56E1D300B858E0 /* Assets.xcassets */ = {isa = PBXFileReference; lastKnownFileType = folder.assetcatalog; path = Assets.xcassets; sourceTree = "<group>"; };
		057A32FF2B56E1D300B858E0 /* Preview Assets.xcassets */ = {isa = PBXFileReference; lastKnownFileType = folder.assetcatalog; path = "Preview Assets.xcassets"; sourceTree = "<group>"; };
		05EAC73F2B58CC7800CB4760 /* GoogleService-Info.plist */ = {isa = PBXFileReference; fileEncoding = 4; lastKnownFileType = text.plist.xml; path = "GoogleService-Info.plist"; sourceTree = "<group>"; };
		05EAC7412B58DC5E00CB4760 /* ProfileView.swift */ = {isa = PBXFileReference; lastKnownFileType = sourcecode.swift; path = ProfileView.swift; sourceTree = "<group>"; };
		05EAC7432B58DC8100CB4760 /* ToDoListView.swift */ = {isa = PBXFileReference; lastKnownFileType = sourcecode.swift; path = ToDoListView.swift; sourceTree = "<group>"; };
		05EAC7452B58DC9500CB4760 /* NewItemView.swift */ = {isa = PBXFileReference; lastKnownFileType = sourcecode.swift; path = NewItemView.swift; sourceTree = "<group>"; };
		05EAC7472B58DCA200CB4760 /* LoginView.swift */ = {isa = PBXFileReference; lastKnownFileType = sourcecode.swift; path = LoginView.swift; sourceTree = "<group>"; };
		05EAC7492B58DCB400CB4760 /* RegisterView.swift */ = {isa = PBXFileReference; lastKnownFileType = sourcecode.swift; path = RegisterView.swift; sourceTree = "<group>"; };
		05EAC74B2B58DE6D00CB4760 /* ToDoListItemView.swift */ = {isa = PBXFileReference; lastKnownFileType = sourcecode.swift; path = ToDoListItemView.swift; sourceTree = "<group>"; };
		05EAC74D2B58E38A00CB4760 /* User.swift */ = {isa = PBXFileReference; lastKnownFileType = sourcecode.swift; path = User.swift; sourceTree = "<group>"; };
		05EAC74F2B58E39600CB4760 /* ToDoListItem.swift */ = {isa = PBXFileReference; lastKnownFileType = sourcecode.swift; path = ToDoListItem.swift; sourceTree = "<group>"; };
		05EAC7512B58E4F000CB4760 /* MainViewViewModel.swift */ = {isa = PBXFileReference; lastKnownFileType = sourcecode.swift; path = MainViewViewModel.swift; sourceTree = "<group>"; };
		05EAC7532B58E50E00CB4760 /* ProfileViewViewModel.swift */ = {isa = PBXFileReference; lastKnownFileType = sourcecode.swift; path = ProfileViewViewModel.swift; sourceTree = "<group>"; };
		05EAC7552B58E53E00CB4760 /* ToDoListViewViewModel.swift */ = {isa = PBXFileReference; lastKnownFileType = sourcecode.swift; path = ToDoListViewViewModel.swift; sourceTree = "<group>"; };
		05EAC7572B58E77200CB4760 /* NewItemViewViewModel.swift */ = {isa = PBXFileReference; lastKnownFileType = sourcecode.swift; path = NewItemViewViewModel.swift; sourceTree = "<group>"; };
		05EAC7592B58E78E00CB4760 /* LoginViewViewModel.swift */ = {isa = PBXFileReference; lastKnownFileType = sourcecode.swift; path = LoginViewViewModel.swift; sourceTree = "<group>"; };
		05EAC75B2B58E79F00CB4760 /* RegisterViewViewModel.swift */ = {isa = PBXFileReference; lastKnownFileType = sourcecode.swift; path = RegisterViewViewModel.swift; sourceTree = "<group>"; };
		05EAC75D2B58F7A200CB4760 /* HeaderView.swift */ = {isa = PBXFileReference; lastKnownFileType = sourcecode.swift; path = HeaderView.swift; sourceTree = "<group>"; };
/* End PBXFileReference section */

/* Begin PBXFrameworksBuildPhase section */
		057A32F22B56E1D100B858E0 /* Frameworks */ = {
			isa = PBXFrameworksBuildPhase;
			buildActionMask = 2147483647;
			files = (
				057A330A2B56E5B900B858E0 /* FirebaseAuth in Frameworks */,
				057A330C2B56E5B900B858E0 /* FirebaseFirestore in Frameworks */,
				057A330E2B56E5B900B858E0 /* FirebaseFirestoreSwift in Frameworks */,
			);
			runOnlyForDeploymentPostprocessing = 0;
		};
/* End PBXFrameworksBuildPhase section */

/* Begin PBXGroup section */
		054C16FE2B5791C20060EE65 /* Views */ = {
			isa = PBXGroup;
			children = (
				057A32FA2B56E1D100B858E0 /* MainView.swift */,
				05EAC7412B58DC5E00CB4760 /* ProfileView.swift */,
				05EAC7432B58DC8100CB4760 /* ToDoListView.swift */,
				05EAC7452B58DC9500CB4760 /* NewItemView.swift */,
				05EAC7472B58DCA200CB4760 /* LoginView.swift */,
				05EAC7492B58DCB400CB4760 /* RegisterView.swift */,
				05EAC74B2B58DE6D00CB4760 /* ToDoListItemView.swift */,
				05EAC75D2B58F7A200CB4760 /* HeaderView.swift */,
				053ADED02B5ED49600A6293F /* TLButton.swift */,
			);
			path = Views;
			sourceTree = "<group>";
		};
		054C16FF2B5791C90060EE65 /* ViewModels */ = {
			isa = PBXGroup;
			children = (
				05EAC7512B58E4F000CB4760 /* MainViewViewModel.swift */,
				05EAC7532B58E50E00CB4760 /* ProfileViewViewModel.swift */,
				05EAC7552B58E53E00CB4760 /* ToDoListViewViewModel.swift */,
				05EAC7572B58E77200CB4760 /* NewItemViewViewModel.swift */,
				05EAC7592B58E78E00CB4760 /* LoginViewViewModel.swift */,
				05EAC75B2B58E79F00CB4760 /* RegisterViewViewModel.swift */,
			);
			path = ViewModels;
			sourceTree = "<group>";
		};
		054C17002B5791D60060EE65 /* Models */ = {
			isa = PBXGroup;
			children = (
				05EAC74D2B58E38A00CB4760 /* User.swift */,
				05EAC74F2B58E39600CB4760 /* ToDoListItem.swift */,
			);
			path = Models;
			sourceTree = "<group>";
		};
		054C17012B5791DF0060EE65 /* Others */ = {
			isa = PBXGroup;
			children = (
				057A32F82B56E1D100B858E0 /* to_do_listApp.swift */,
				057A32FC2B56E1D300B858E0 /* Assets.xcassets */,
			);
			path = Others;
			sourceTree = "<group>";
		};
		057A32EC2B56E1D100B858E0 = {
			isa = PBXGroup;
			children = (
				057A32F72B56E1D100B858E0 /* to-do-list */,
				057A32F62B56E1D100B858E0 /* Products */,
			);
			sourceTree = "<group>";
		};
		057A32F62B56E1D100B858E0 /* Products */ = {
			isa = PBXGroup;
			children = (
				057A32F52B56E1D100B858E0 /* to-do-list.app */,
			);
			name = Products;
			sourceTree = "<group>";
		};
		057A32F72B56E1D100B858E0 /* to-do-list */ = {
			isa = PBXGroup;
			children = (
				05EAC73F2B58CC7800CB4760 /* GoogleService-Info.plist */,
				054C17012B5791DF0060EE65 /* Others */,
				054C17002B5791D60060EE65 /* Models */,
				054C16FF2B5791C90060EE65 /* ViewModels */,
				054C16FE2B5791C20060EE65 /* Views */,
				057A32FE2B56E1D300B858E0 /* Preview Content */,
			);
			path = "to-do-list";
			sourceTree = "<group>";
		};
		057A32FE2B56E1D300B858E0 /* Preview Content */ = {
			isa = PBXGroup;
			children = (
				057A32FF2B56E1D300B858E0 /* Preview Assets.xcassets */,
			);
			path = "Preview Content";
			sourceTree = "<group>";
		};
/* End PBXGroup section */

/* Begin PBXNativeTarget section */
		057A32F42B56E1D100B858E0 /* to-do-list */ = {
			isa = PBXNativeTarget;
			buildConfigurationList = 057A33032B56E1D300B858E0 /* Build configuration list for PBXNativeTarget "to-do-list" */;
			buildPhases = (
				057A32F12B56E1D100B858E0 /* Sources */,
				057A32F22B56E1D100B858E0 /* Frameworks */,
				057A32F32B56E1D100B858E0 /* Resources */,
			);
			buildRules = (
			);
			dependencies = (
			);
			name = "to-do-list";
			packageProductDependencies = (
				057A33092B56E5B900B858E0 /* FirebaseAuth */,
				057A330B2B56E5B900B858E0 /* FirebaseFirestore */,
				057A330D2B56E5B900B858E0 /* FirebaseFirestoreSwift */,
			);
			productName = "to-do-list";
			productReference = 057A32F52B56E1D100B858E0 /* to-do-list.app */;
			productType = "com.apple.product-type.application";
		};
/* End PBXNativeTarget section */

/* Begin PBXProject section */
		057A32ED2B56E1D100B858E0 /* Project object */ = {
			isa = PBXProject;
			attributes = {
				BuildIndependentTargetsInParallel = 1;
				LastSwiftUpdateCheck = 1430;
				LastUpgradeCheck = 1430;
				TargetAttributes = {
					057A32F42B56E1D100B858E0 = {
						CreatedOnToolsVersion = 14.3.1;
					};
				};
			};
			buildConfigurationList = 057A32F02B56E1D100B858E0 /* Build configuration list for PBXProject "to-do-list" */;
			compatibilityVersion = "Xcode 14.0";
			developmentRegion = en;
			hasScannedForEncodings = 0;
			knownRegions = (
				en,
				Base,
			);
			mainGroup = 057A32EC2B56E1D100B858E0;
			packageReferences = (
				057A33082B56E5B900B858E0 /* XCRemoteSwiftPackageReference "firebase-ios-sdk" */,
			);
			productRefGroup = 057A32F62B56E1D100B858E0 /* Products */;
			projectDirPath = "";
			projectRoot = "";
			targets = (
				057A32F42B56E1D100B858E0 /* to-do-list */,
			);
		};
/* End PBXProject section */

/* Begin PBXResourcesBuildPhase section */
		057A32F32B56E1D100B858E0 /* Resources */ = {
			isa = PBXResourcesBuildPhase;
			buildActionMask = 2147483647;
			files = (
				057A33002B56E1D300B858E0 /* Preview Assets.xcassets in Resources */,
				057A32FD2B56E1D300B858E0 /* Assets.xcassets in Resources */,
				05EAC7402B58CC7800CB4760 /* GoogleService-Info.plist in Resources */,
			);
			runOnlyForDeploymentPostprocessing = 0;
		};
/* End PBXResourcesBuildPhase section */

/* Begin PBXSourcesBuildPhase section */
		057A32F12B56E1D100B858E0 /* Sources */ = {
			isa = PBXSourcesBuildPhase;
			buildActionMask = 2147483647;
			files = (
				05EAC7482B58DCA200CB4760 /* LoginView.swift in Sources */,
				053ADED12B5ED49600A6293F /* TLButton.swift in Sources */,
				057A32FB2B56E1D100B858E0 /* MainView.swift in Sources */,
				05EAC75C2B58E79F00CB4760 /* RegisterViewViewModel.swift in Sources */,
				05EAC7522B58E4F000CB4760 /* MainViewViewModel.swift in Sources */,
				05EAC7442B58DC8100CB4760 /* ToDoListView.swift in Sources */,
				05EAC74A2B58DCB400CB4760 /* RegisterView.swift in Sources */,
				05EAC75E2B58F7A200CB4760 /* HeaderView.swift in Sources */,
				05EAC7542B58E50E00CB4760 /* ProfileViewViewModel.swift in Sources */,
				05EAC7502B58E39600CB4760 /* ToDoListItem.swift in Sources */,
				05EAC7422B58DC5E00CB4760 /* ProfileView.swift in Sources */,
				05EAC74E2B58E38A00CB4760 /* User.swift in Sources */,
				05EAC7562B58E53E00CB4760 /* ToDoListViewViewModel.swift in Sources */,
				05EAC75A2B58E78E00CB4760 /* LoginViewViewModel.swift in Sources */,
				05EAC74C2B58DE6D00CB4760 /* ToDoListItemView.swift in Sources */,
				057A32F92B56E1D100B858E0 /* to_do_listApp.swift in Sources */,
				05EAC7462B58DC9500CB4760 /* NewItemView.swift in Sources */,
				05EAC7582B58E77200CB4760 /* NewItemViewViewModel.swift in Sources */,
			);
			runOnlyForDeploymentPostprocessing = 0;
		};
/* End PBXSourcesBuildPhase section */

/* Begin XCBuildConfiguration section */
		057A33012B56E1D300B858E0 /* Debug */ = {
			isa = XCBuildConfiguration;
			buildSettings = {
				ALWAYS_SEARCH_USER_PATHS = NO;
				CLANG_ANALYZER_NONNULL = YES;
				CLANG_ANALYZER_NUMBER_OBJECT_CONVERSION = YES_AGGRESSIVE;
				CLANG_CXX_LANGUAGE_STANDARD = "gnu++20";
				CLANG_ENABLE_MODULES = YES;
				CLANG_ENABLE_OBJC_ARC = YES;
				CLANG_ENABLE_OBJC_WEAK = YES;
				CLANG_WARN_BLOCK_CAPTURE_AUTORELEASING = YES;
				CLANG_WARN_BOOL_CONVERSION = YES;
				CLANG_WARN_COMMA = YES;
				CLANG_WARN_CONSTANT_CONVERSION = YES;
				CLANG_WARN_DEPRECATED_OBJC_IMPLEMENTATIONS = YES;
				CLANG_WARN_DIRECT_OBJC_ISA_USAGE = YES_ERROR;
				CLANG_WARN_DOCUMENTATION_COMMENTS = YES;
				CLANG_WARN_EMPTY_BODY = YES;
				CLANG_WARN_ENUM_CONVERSION = YES;
				CLANG_WARN_INFINITE_RECURSION = YES;
				CLANG_WARN_INT_CONVERSION = YES;
				CLANG_WARN_NON_LITERAL_NULL_CONVERSION = YES;
				CLANG_WARN_OBJC_IMPLICIT_RETAIN_SELF = YES;
				CLANG_WARN_OBJC_LITERAL_CONVERSION = YES;
				CLANG_WARN_OBJC_ROOT_CLASS = YES_ERROR;
				CLANG_WARN_QUOTED_INCLUDE_IN_FRAMEWORK_HEADER = YES;
				CLANG_WARN_RANGE_LOOP_ANALYSIS = YES;
				CLANG_WARN_STRICT_PROTOTYPES = YES;
				CLANG_WARN_SUSPICIOUS_MOVE = YES;
				CLANG_WARN_UNGUARDED_AVAILABILITY = YES_AGGRESSIVE;
				CLANG_WARN_UNREACHABLE_CODE = YES;
				CLANG_WARN__DUPLICATE_METHOD_MATCH = YES;
				COPY_PHASE_STRIP = NO;
				DEBUG_INFORMATION_FORMAT = dwarf;
				ENABLE_STRICT_OBJC_MSGSEND = YES;
				ENABLE_TESTABILITY = YES;
				GCC_C_LANGUAGE_STANDARD = gnu11;
				GCC_DYNAMIC_NO_PIC = NO;
				GCC_NO_COMMON_BLOCKS = YES;
				GCC_OPTIMIZATION_LEVEL = 0;
				GCC_PREPROCESSOR_DEFINITIONS = (
					"DEBUG=1",
					"$(inherited)",
				);
				GCC_WARN_64_TO_32_BIT_CONVERSION = YES;
				GCC_WARN_ABOUT_RETURN_TYPE = YES_ERROR;
				GCC_WARN_UNDECLARED_SELECTOR = YES;
				GCC_WARN_UNINITIALIZED_AUTOS = YES_AGGRESSIVE;
				GCC_WARN_UNUSED_FUNCTION = YES;
				GCC_WARN_UNUSED_VARIABLE = YES;
				IPHONEOS_DEPLOYMENT_TARGET = 16.4;
				MTL_ENABLE_DEBUG_INFO = INCLUDE_SOURCE;
				MTL_FAST_MATH = YES;
				ONLY_ACTIVE_ARCH = YES;
				SDKROOT = iphoneos;
				SWIFT_ACTIVE_COMPILATION_CONDITIONS = DEBUG;
				SWIFT_OPTIMIZATION_LEVEL = "-Onone";
			};
			name = Debug;
		};
		057A33022B56E1D300B858E0 /* Release */ = {
			isa = XCBuildConfiguration;
			buildSettings = {
				ALWAYS_SEARCH_USER_PATHS = NO;
				CLANG_ANALYZER_NONNULL = YES;
				CLANG_ANALYZER_NUMBER_OBJECT_CONVERSION = YES_AGGRESSIVE;
				CLANG_CXX_LANGUAGE_STANDARD = "gnu++20";
				CLANG_ENABLE_MODULES = YES;
				CLANG_ENABLE_OBJC_ARC = YES;
				CLANG_ENABLE_OBJC_WEAK = YES;
				CLANG_WARN_BLOCK_CAPTURE_AUTORELEASING = YES;
				CLANG_WARN_BOOL_CONVERSION = YES;
				CLANG_WARN_COMMA = YES;
				CLANG_WARN_CONSTANT_CONVERSION = YES;
				CLANG_WARN_DEPRECATED_OBJC_IMPLEMENTATIONS = YES;
				CLANG_WARN_DIRECT_OBJC_ISA_USAGE = YES_ERROR;
				CLANG_WARN_DOCUMENTATION_COMMENTS = YES;
				CLANG_WARN_EMPTY_BODY = YES;
				CLANG_WARN_ENUM_CONVERSION = YES;
				CLANG_WARN_INFINITE_RECURSION = YES;
				CLANG_WARN_INT_CONVERSION = YES;
				CLANG_WARN_NON_LITERAL_NULL_CONVERSION = YES;
				CLANG_WARN_OBJC_IMPLICIT_RETAIN_SELF = YES;
				CLANG_WARN_OBJC_LITERAL_CONVERSION = YES;
				CLANG_WARN_OBJC_ROOT_CLASS = YES_ERROR;
				CLANG_WARN_QUOTED_INCLUDE_IN_FRAMEWORK_HEADER = YES;
				CLANG_WARN_RANGE_LOOP_ANALYSIS = YES;
				CLANG_WARN_STRICT_PROTOTYPES = YES;
				CLANG_WARN_SUSPICIOUS_MOVE = YES;
				CLANG_WARN_UNGUARDED_AVAILABILITY = YES_AGGRESSIVE;
				CLANG_WARN_UNREACHABLE_CODE = YES;
				CLANG_WARN__DUPLICATE_METHOD_MATCH = YES;
				COPY_PHASE_STRIP = NO;
				DEBUG_INFORMATION_FORMAT = "dwarf-with-dsym";
				ENABLE_NS_ASSERTIONS = NO;
				ENABLE_STRICT_OBJC_MSGSEND = YES;
				GCC_C_LANGUAGE_STANDARD = gnu11;
				GCC_NO_COMMON_BLOCKS = YES;
				GCC_WARN_64_TO_32_BIT_CONVERSION = YES;
				GCC_WARN_ABOUT_RETURN_TYPE = YES_ERROR;
				GCC_WARN_UNDECLARED_SELECTOR = YES;
				GCC_WARN_UNINITIALIZED_AUTOS = YES_AGGRESSIVE;
				GCC_WARN_UNUSED_FUNCTION = YES;
				GCC_WARN_UNUSED_VARIABLE = YES;
				IPHONEOS_DEPLOYMENT_TARGET = 16.4;
				MTL_ENABLE_DEBUG_INFO = NO;
				MTL_FAST_MATH = YES;
				SDKROOT = iphoneos;
				SWIFT_COMPILATION_MODE = wholemodule;
				SWIFT_OPTIMIZATION_LEVEL = "-O";
				VALIDATE_PRODUCT = YES;
			};
			name = Release;
		};
		057A33042B56E1D300B858E0 /* Debug */ = {
			isa = XCBuildConfiguration;
			buildSettings = {
				ASSETCATALOG_COMPILER_APPICON_NAME = AppIcon;
				ASSETCATALOG_COMPILER_GLOBAL_ACCENT_COLOR_NAME = AccentColor;
				CODE_SIGN_STYLE = Automatic;
				CURRENT_PROJECT_VERSION = 1;
				DEVELOPMENT_ASSET_PATHS = "\"to-do-list/Preview Content\"";
				DEVELOPMENT_TEAM = QT54HG2RDT;
				ENABLE_PREVIEWS = YES;
				GENERATE_INFOPLIST_FILE = YES;
				INFOPLIST_KEY_CFBundleDisplayName = "To Do List";
				INFOPLIST_KEY_UIApplicationSceneManifest_Generation = YES;
				INFOPLIST_KEY_UIApplicationSupportsIndirectInputEvents = YES;
				INFOPLIST_KEY_UILaunchScreen_Generation = YES;
				INFOPLIST_KEY_UISupportedInterfaceOrientations = UIInterfaceOrientationPortrait;
				LD_RUNPATH_SEARCH_PATHS = (
					"$(inherited)",
					"@executable_path/Frameworks",
				);
				MARKETING_VERSION = 1.0;
				PRODUCT_BUNDLE_IDENTIFIER = "com.rafa.to-do-list";
				PRODUCT_NAME = "$(TARGET_NAME)";
				SWIFT_EMIT_LOC_STRINGS = YES;
				SWIFT_VERSION = 5.0;
				TARGETED_DEVICE_FAMILY = "1,2";
			};
			name = Debug;
		};
		057A33052B56E1D300B858E0 /* Release */ = {
			isa = XCBuildConfiguration;
			buildSettings = {
				ASSETCATALOG_COMPILER_APPICON_NAME = AppIcon;
				ASSETCATALOG_COMPILER_GLOBAL_ACCENT_COLOR_NAME = AccentColor;
				CODE_SIGN_STYLE = Automatic;
				CURRENT_PROJECT_VERSION = 1;
				DEVELOPMENT_ASSET_PATHS = "\"to-do-list/Preview Content\"";
				DEVELOPMENT_TEAM = QT54HG2RDT;
				ENABLE_PREVIEWS = YES;
				GENERATE_INFOPLIST_FILE = YES;
				INFOPLIST_KEY_CFBundleDisplayName = "To Do List";
				INFOPLIST_KEY_UIApplicationSceneManifest_Generation = YES;
				INFOPLIST_KEY_UIApplicationSupportsIndirectInputEvents = YES;
				INFOPLIST_KEY_UILaunchScreen_Generation = YES;
				INFOPLIST_KEY_UISupportedInterfaceOrientations = UIInterfaceOrientationPortrait;
				LD_RUNPATH_SEARCH_PATHS = (
					"$(inherited)",
					"@executable_path/Frameworks",
				);
				MARKETING_VERSION = 1.0;
				PRODUCT_BUNDLE_IDENTIFIER = "com.rafa.to-do-list";
				PRODUCT_NAME = "$(TARGET_NAME)";
				SWIFT_EMIT_LOC_STRINGS = YES;
				SWIFT_VERSION = 5.0;
				TARGETED_DEVICE_FAMILY = "1,2";
			};
			name = Release;
		};
/* End XCBuildConfiguration section */

/* Begin XCConfigurationList section */
		057A32F02B56E1D100B858E0 /* Build configuration list for PBXProject "to-do-list" */ = {
			isa = XCConfigurationList;
			buildConfigurations = (
				057A33012B56E1D300B858E0 /* Debug */,
				057A33022B56E1D300B858E0 /* Release */,
			);
			defaultConfigurationIsVisible = 0;
			defaultConfigurationName = Release;
		};
		057A33032B56E1D300B858E0 /* Build configuration list for PBXNativeTarget "to-do-list" */ = {
			isa = XCConfigurationList;
			buildConfigurations = (
				057A33042B56E1D300B858E0 /* Debug */,
				057A33052B56E1D300B858E0 /* Release */,
			);
			defaultConfigurationIsVisible = 0;
			defaultConfigurationName = Release;
		};
/* End XCConfigurationList section */

/* Begin XCRemoteSwiftPackageReference section */
		057A33082B56E5B900B858E0 /* XCRemoteSwiftPackageReference "firebase-ios-sdk" */ = {
			isa = XCRemoteSwiftPackageReference;
			repositoryURL = "https://github.com/firebase/firebase-ios-sdk";
			requirement = {
				kind = upToNextMajorVersion;
				minimumVersion = 10.0.0;
			};
		};
/* End XCRemoteSwiftPackageReference section */

/* Begin XCSwiftPackageProductDependency section */
		057A33092B56E5B900B858E0 /* FirebaseAuth */ = {
			isa = XCSwiftPackageProductDependency;
			package = 057A33082B56E5B900B858E0 /* XCRemoteSwiftPackageReference "firebase-ios-sdk" */;
			productName = FirebaseAuth;
		};
		057A330B2B56E5B900B858E0 /* FirebaseFirestore */ = {
			isa = XCSwiftPackageProductDependency;
			package = 057A33082B56E5B900B858E0 /* XCRemoteSwiftPackageReference "firebase-ios-sdk" */;
			productName = FirebaseFirestore;
		};
		057A330D2B56E5B900B858E0 /* FirebaseFirestoreSwift */ = {
			isa = XCSwiftPackageProductDependency;
			package = 057A33082B56E5B900B858E0 /* XCRemoteSwiftPackageReference "firebase-ios-sdk" */;
			productName = FirebaseFirestoreSwift;
		};
/* End XCSwiftPackageProductDependency section */
	};
	rootObject = 057A32ED2B56E1D100B858E0 /* Project object */;
}
